
Microsoft Visual Studio Solution File, Format Version 12.00
# Visual Studio 15
Project("{FAE04EC0-301F-11D3-BF4B-00C04F79EFBC}") = "Assembly-CSharp", "Assembly-CSharp.csproj", "{26611B71-3C3F-D8F3-1922-52B0DBA9B3D2}"
EndProject
Project("{FAE04EC0-301F-11D3-BF4B-00C04F79EFBC}") = "Assembly-CSharp-Editor", "Assembly-CSharp-Editor.csproj", "{57AD14E6-57ED-0E2B-6F1B-9322874579AD}"
EndProject
Global
	GlobalSection(SolutionConfigurationPlatforms) = preSolution
		Debug|Any CPU = Debug|Any CPU
		Release|Any CPU = Release|Any CPU
	EndGlobalSection
	GlobalSection(ProjectConfigurationPlatforms) = postSolution
		{26611B71-3C3F-D8F3-1922-52B0DBA9B3D2}.Debug|Any CPU.ActiveCfg = Debug|Any CPU
		{26611B71-3C3F-D8F3-1922-52B0DBA9B3D2}.Debug|Any CPU.Build.0 = Debug|Any CPU
		{26611B71-3C3F-D8F3-1922-52B0DBA9B3D2}.Release|Any CPU.ActiveCfg = Release|Any CPU
		{26611B71-3C3F-D8F3-1922-52B0DBA9B3D2}.Release|Any CPU.Build.0 = Release|Any CPU
		{57AD14E6-57ED-0E2B-6F1B-9322874579AD}.Debug|Any CPU.ActiveCfg = Debug|Any CPU
		{57AD14E6-57ED-0E2B-6F1B-9322874579AD}.Debug|Any CPU.Build.0 = Debug|Any CPU
		{57AD14E6-57ED-0E2B-6F1B-9322874579AD}.Release|Any CPU.ActiveCfg = Release|Any CPU
		{57AD14E6-57ED-0E2B-6F1B-9322874579AD}.Release|Any CPU.Build.0 = Release|Any CPU
	EndGlobalSection
	GlobalSection(SolutionProperties) = preSolution
		HideSolutionNode = FALSE
	EndGlobalSection
EndGlobal
